
Microsoft Visual Studio Solution File, Format Version 12.00
# Visual Studio Version 16
VisualStudioVersion = 16.0.29709.97
MinimumVisualStudioVersion = 10.0.40219.1
Project("{FAE04EC0-301F-11D3-BF4B-00C04F79EFBC}") = "ClassLibrary1", "ClassLibrary1\ClassLibrary1.csproj", "{EE41C50B-EB45-448C-8A6B-9D4FE53F355C}"
EndProject
Project("{FAE04EC0-301F-11D3-BF4B-00C04F79EFBC}") = "ConsoleApp1", "ConsoleApp1\ConsoleApp1.csproj", "{2DF9EE07-7160-480E-B1B9-5614DC5212CD}"
EndProject
Global
	GlobalSection(SolutionConfigurationPlatforms) = preSolution
		Debug|Any CPU = Debug|Any CPU
		Release|Any CPU = Release|Any CPU
	EndGlobalSection
	GlobalSection(ProjectConfigurationPlatforms) = postSolution
		{EE41C50B-EB45-448C-8A6B-9D4FE53F355C}.Debug|Any CPU.ActiveCfg = Debug|Any CPU
		{EE41C50B-EB45-448C-8A6B-9D4FE53F355C}.Debug|Any CPU.Build.0 = Debug|Any CPU
		{EE41C50B-EB45-448C-8A6B-9D4FE53F355C}.Release|Any CPU.ActiveCfg = Release|Any CPU
		{EE41C50B-EB45-448C-8A6B-9D4FE53F355C}.Release|Any CPU.Build.0 = Release|Any CPU
		{2DF9EE07-7160-480E-B1B9-5614DC5212CD}.Debug|Any CPU.ActiveCfg = Debug|Any CPU
		{2DF9EE07-7160-480E-B1B9-5614DC5212CD}.Debug|Any CPU.Build.0 = Debug|Any CPU
		{2DF9EE07-7160-480E-B1B9-5614DC5212CD}.Release|Any CPU.ActiveCfg = Release|Any CPU
		{2DF9EE07-7160-480E-B1B9-5614DC5212CD}.Release|Any CPU.Build.0 = Release|Any CPU
	EndGlobalSection
	GlobalSection(SolutionProperties) = preSolution
		HideSolutionNode = FALSE
	EndGlobalSection
	GlobalSection(ExtensibilityGlobals) = postSolution
		SolutionGuid = {13D05099-F93F-4A7E-8107-95009A631B18}
	EndGlobalSection
EndGlobal
